
Microsoft Visual Studio Solution File, Format Version 12.00
# Visual Studio 15
VisualStudioVersion = 15.0.28307.1022
MinimumVisualStudioVersion = 10.0.40219.1
Project("{FAE04EC0-301F-11D3-BF4B-00C04F79EFBC}") = "Task_1_1", "Task_1_1\Task_1_1.csproj", "{C8EA7D3C-A26D-4D49-8C11-51955D6D5686}"
EndProject
Project("{FAE04EC0-301F-11D3-BF4B-00C04F79EFBC}") = "CustomString", "CustomString\CustomString.csproj", "{47F828CC-EE55-4B8E-B583-0441FD77C2F8}"
EndProject
Global
	GlobalSection(SolutionConfigurationPlatforms) = preSolution
		Debug|Any CPU = Debug|Any CPU
		Release|Any CPU = Release|Any CPU
	EndGlobalSection
	GlobalSection(ProjectConfigurationPlatforms) = postSolution
		{C8EA7D3C-A26D-4D49-8C11-51955D6D5686}.Debug|Any CPU.ActiveCfg = Debug|Any CPU
		{C8EA7D3C-A26D-4D49-8C11-51955D6D5686}.Debug|Any CPU.Build.0 = Debug|Any CPU
		{C8EA7D3C-A26D-4D49-8C11-51955D6D5686}.Release|Any CPU.ActiveCfg = Release|Any CPU
		{C8EA7D3C-A26D-4D49-8C11-51955D6D5686}.Release|Any CPU.Build.0 = Release|Any CPU
		{47F828CC-EE55-4B8E-B583-0441FD77C2F8}.Debug|Any CPU.ActiveCfg = Debug|Any CPU
		{47F828CC-EE55-4B8E-B583-0441FD77C2F8}.Debug|Any CPU.Build.0 = Debug|Any CPU
		{47F828CC-EE55-4B8E-B583-0441FD77C2F8}.Release|Any CPU.ActiveCfg = Release|Any CPU
		{47F828CC-EE55-4B8E-B583-0441FD77C2F8}.Release|Any CPU.Build.0 = Release|Any CPU
	EndGlobalSection
	GlobalSection(SolutionProperties) = preSolution
		HideSolutionNode = FALSE
	EndGlobalSection
	GlobalSection(ExtensibilityGlobals) = postSolution
		SolutionGuid = {A844A551-999C-425E-87A6-E3F66CEDA551}
	EndGlobalSection
EndGlobal
