
Microsoft Visual Studio Solution File, Format Version 12.00
# Visual Studio 15
VisualStudioVersion = 15.0.28307.1022
MinimumVisualStudioVersion = 10.0.40219.1
Project("{FAE04EC0-301F-11D3-BF4B-00C04F79EFBC}") = "Task_1", "Task_1\Task_1.csproj", "{BEE66FD1-7D9C-433A-B5CA-B3B90BAA0ACB}"
EndProject
Global
	GlobalSection(SolutionConfigurationPlatforms) = preSolution
		Debug|Any CPU = Debug|Any CPU
		Release|Any CPU = Release|Any CPU
	EndGlobalSection
	GlobalSection(ProjectConfigurationPlatforms) = postSolution
		{BEE66FD1-7D9C-433A-B5CA-B3B90BAA0ACB}.Debug|Any CPU.ActiveCfg = Debug|Any CPU
		{BEE66FD1-7D9C-433A-B5CA-B3B90BAA0ACB}.Debug|Any CPU.Build.0 = Debug|Any CPU
		{BEE66FD1-7D9C-433A-B5CA-B3B90BAA0ACB}.Release|Any CPU.ActiveCfg = Release|Any CPU
		{BEE66FD1-7D9C-433A-B5CA-B3B90BAA0ACB}.Release|Any CPU.Build.0 = Release|Any CPU
	EndGlobalSection
	GlobalSection(SolutionProperties) = preSolution
		HideSolutionNode = FALSE
	EndGlobalSection
	GlobalSection(ExtensibilityGlobals) = postSolution
		SolutionGuid = {71E07277-D4FF-4DF4-8DD6-1AA61C8C4B16}
	EndGlobalSection
EndGlobal
