
Microsoft Visual Studio Solution File, Format Version 12.00
# Visual Studio 15
VisualStudioVersion = 15.0.28307.1022
MinimumVisualStudioVersion = 10.0.40219.1
Project("{FAE04EC0-301F-11D3-BF4B-00C04F79EFBC}") = "Task_3_1_2_TextAnalysis", "Task_3_1_2\Task_3_1_2_TextAnalysis.csproj", "{B611AAA6-3856-41E6-B153-9FA5AE309829}"
EndProject
Project("{FAE04EC0-301F-11D3-BF4B-00C04F79EFBC}") = "Task_3_1_1_WeakestLink", "Task_3_1_1\Task_3_1_1_WeakestLink.csproj", "{E2BF0629-4070-4EE6-B2F6-17ADEE90C129}"
EndProject
Global
	GlobalSection(SolutionConfigurationPlatforms) = preSolution
		Debug|Any CPU = Debug|Any CPU
		Release|Any CPU = Release|Any CPU
	EndGlobalSection
	GlobalSection(ProjectConfigurationPlatforms) = postSolution
		{B611AAA6-3856-41E6-B153-9FA5AE309829}.Debug|Any CPU.ActiveCfg = Debug|Any CPU
		{B611AAA6-3856-41E6-B153-9FA5AE309829}.Debug|Any CPU.Build.0 = Debug|Any CPU
		{B611AAA6-3856-41E6-B153-9FA5AE309829}.Release|Any CPU.ActiveCfg = Release|Any CPU
		{B611AAA6-3856-41E6-B153-9FA5AE309829}.Release|Any CPU.Build.0 = Release|Any CPU
		{E2BF0629-4070-4EE6-B2F6-17ADEE90C129}.Debug|Any CPU.ActiveCfg = Debug|Any CPU
		{E2BF0629-4070-4EE6-B2F6-17ADEE90C129}.Debug|Any CPU.Build.0 = Debug|Any CPU
		{E2BF0629-4070-4EE6-B2F6-17ADEE90C129}.Release|Any CPU.ActiveCfg = Release|Any CPU
		{E2BF0629-4070-4EE6-B2F6-17ADEE90C129}.Release|Any CPU.Build.0 = Release|Any CPU
	EndGlobalSection
	GlobalSection(SolutionProperties) = preSolution
		HideSolutionNode = FALSE
	EndGlobalSection
	GlobalSection(ExtensibilityGlobals) = postSolution
		SolutionGuid = {2E496235-77BF-4961-A14A-6EEDF774CA51}
	EndGlobalSection
EndGlobal
